PODS:
  - Bolts (1.9.1):
    - Bolts/AppLinks (= 1.9.1)
    - Bolts/Tasks (= 1.9.1)
  - Bolts/AppLinks (1.9.1):
    - Bolts/Tasks
  - Bolts/Tasks (1.9.1)
  - FBAEMKit (13.2.0):
    - FBSDKCoreKit_Basics (= 13.2.0)
  - FBSDKCoreKit (13.2.0):
    - FBAEMKit (= 13.2.0)
    - FBSDKCoreKit_Basics (= 13.2.0)
  - FBSDKCoreKit_Basics (13.2.0)
  - FBSDKLoginKit (13.2.0):
    - FBSDKCoreKit (= 13.2.0)
  - FBSDKShareKit (13.2.0):
    - FBSDKCoreKit (= 13.2.0)

DEPENDENCIES:
  - Bolts
  - FBSDKLoginKit
  - FBSDKShareKit

SPEC REPOS:
  trunk:
    - Bolts
    - FBAEMKit
    - FBSDKCoreKit
    - FBSDKCoreKit_Basics
    - FBSDKLoginKit
    - FBSDKShareKit

SPEC CHECKSUMS:
  Bolts: 8c1e8aab2f603387b8b9924f57d1d64f43d3ffdc
  FBAEMKit: c2b2895363b7e57192013d1dc49fdf498b28624c
  FBSDKCoreKit: 58139803d861e72c7661dc875611a759352a55ac
  FBSDKCoreKit_Basics: 1ffc68326a5ece051d85574f02a0adcf27c2a5f2
  FBSDKLoginKit: 19e2a878556c2ee4f20486dc406e582783cd7578
  FBSDKShareKit: 079497bb0cfeb049dc8ff6aee2702698680a2806

PODFILE CHECKSUM: 6946919387b2c6875ff94549f425f7e8f7598616

COCOAPODS: 1.11.3
