// !$*UTF8*$!
{
	archiveVersion = 1;
	classes = {
	};
	objectVersion = 46;
	objects = {

/* Begin PBXBuildFile section */
		EA17C4E11939562B003D2C6A /* Foundation.framework in Frameworks */ = {isa = PBXBuildFile; fileRef = EA5EFE1D19356C2800EE8725 /* Foundation.framework */; };
		EA17C4E31939562B003D2C6A /* CoreGraphics.framework in Frameworks */ = {isa = PBXBuildFile; fileRef = EA17C4E21939562B003D2C6A /* CoreGraphics.framework */; };
		EA17C4EA1939562B003D2C6A /* InfoPlist.strings in Resources */ = {isa = PBXBuildFile; fileRef = EA17C4E81939562B003D2C6A /* InfoPlist.strings */; };
		EA17C4EC1939562B003D2C6A /* main.m in Sources */ = {isa = PBXBuildFile; fileRef = EA17C4EB1939562B003D2C6A /* main.m */; };
		EA17C4F01939562B003D2C6A /* CLSFBAppDelegate.m in Sources */ = {isa = PBXBuildFile; fileRef = EA17C4EF1939562B003D2C6A /* CLSFBAppDelegate.m */; };
		EA17C4F31939562B003D2C6A /* Main_iPhone.storyboard in Resources */ = {isa = PBXBuildFile; fileRef = EA17C4F11939562B003D2C6A /* Main_iPhone.storyboard */; };
		EA17C4F61939562B003D2C6A /* Main_iPad.storyboard in Resources */ = {isa = PBXBuildFile; fileRef = EA17C4F41939562B003D2C6A /* Main_iPad.storyboard */; };
		EA17C4F91939562B003D2C6A /* CLSFBMainViewController.m in Sources */ = {isa = PBXBuildFile; fileRef = EA17C4F81939562B003D2C6A /* CLSFBMainViewController.m */; };
		EA17C4FC1939562B003D2C6A /* CLSFBFlipsideViewController.m in Sources */ = {isa = PBXBuildFile; fileRef = EA17C4FB1939562B003D2C6A /* CLSFBFlipsideViewController.m */; };
		EA17C4FE1939562B003D2C6A /* Images.xcassets in Resources */ = {isa = PBXBuildFile; fileRef = EA17C4FD1939562B003D2C6A /* Images.xcassets */; };
		EA17C5051939562B003D2C6A /* Foundation.framework in Frameworks */ = {isa = PBXBuildFile; fileRef = EA5EFE1D19356C2800EE8725 /* Foundation.framework */; };
		EA17C50E1939562B003D2C6A /* InfoPlist.strings in Resources */ = {isa = PBXBuildFile; fileRef = EA17C50C1939562B003D2C6A /* InfoPlist.strings */; };
		EA17C5101939562B003D2C6A /* FBUtilityAppTests.m in Sources */ = {isa = PBXBuildFile; fileRef = EA17C50F1939562B003D2C6A /* FBUtilityAppTests.m */; };
		EA17C51719395674003D2C6A /* libFBUtilityLib.a in Frameworks */ = {isa = PBXBuildFile; fileRef = EA5EFE1A19356C2800EE8725 /* libFBUtilityLib.a */; };
		EA443FC61ACA10ED00CB780A /* Bolts.framework in Frameworks */ = {isa = PBXBuildFile; fileRef = EAA60558198AF78400F6AAC9 /* Bolts.framework */; };
		EA443FC91ACA113B00CB780A /* FBSDKCoreKit.framework in Frameworks */ = {isa = PBXBuildFile; fileRef = EA443FC71ACA113B00CB780A /* FBSDKCoreKit.framework */; };
		EA443FCA1ACA113B00CB780A /* FBSDKCoreKit.framework in Frameworks */ = {isa = PBXBuildFile; fileRef = EA443FC71ACA113B00CB780A /* FBSDKCoreKit.framework */; };
		EA443FCB1ACA113B00CB780A /* FBSDKShareKit.framework in Frameworks */ = {isa = PBXBuildFile; fileRef = EA443FC81ACA113B00CB780A /* FBSDKShareKit.framework */; };
		EA443FCC1ACA113B00CB780A /* FBSDKShareKit.framework in Frameworks */ = {isa = PBXBuildFile; fileRef = EA443FC81ACA113B00CB780A /* FBSDKShareKit.framework */; };
		EA443FD11ACB60A700CB780A /* FBSDKLoginKit.framework in Frameworks */ = {isa = PBXBuildFile; fileRef = EA443FD01ACB60A700CB780A /* FBSDKLoginKit.framework */; };
		EA443FD21ACB60A700CB780A /* FBSDKLoginKit.framework in Frameworks */ = {isa = PBXBuildFile; fileRef = EA443FD01ACB60A700CB780A /* FBSDKLoginKit.framework */; };
		EA5EFE1E19356C2800EE8725 /* Foundation.framework in Frameworks */ = {isa = PBXBuildFile; fileRef = EA5EFE1D19356C2800EE8725 /* Foundation.framework */; };
		EA5EFE2D19356C2800EE8725 /* Foundation.framework in Frameworks */ = {isa = PBXBuildFile; fileRef = EA5EFE1D19356C2800EE8725 /* Foundation.framework */; };
		EA5EFE3219356C2800EE8725 /* libFBUtilityLib.a in Frameworks */ = {isa = PBXBuildFile; fileRef = EA5EFE1A19356C2800EE8725 /* libFBUtilityLib.a */; };
		EA5EFE3819356C2800EE8725 /* InfoPlist.strings in Resources */ = {isa = PBXBuildFile; fileRef = EA5EFE3619356C2800EE8725 /* InfoPlist.strings */; };
		EA5EFE3A19356C2800EE8725 /* FBUtilityTests.m in Sources */ = {isa = PBXBuildFile; fileRef = EA5EFE3919356C2800EE8725 /* FBUtilityTests.m */; };
		EA5EFE4A19356CB900EE8725 /* CLSFBUtility.m in Sources */ = {isa = PBXBuildFile; fileRef = EA5EFE4419356CB900EE8725 /* CLSFBUtility.m */; };
		EA5EFE4B19356CB900EE8725 /* CLSFBFeedPublish.m in Sources */ = {isa = PBXBuildFile; fileRef = EA5EFE4619356CB900EE8725 /* CLSFBFeedPublish.m */; };
		EA5EFE4C19356CB900EE8725 /* CLSFBShareApp.m in Sources */ = {isa = PBXBuildFile; fileRef = EA5EFE4919356CB900EE8725 /* CLSFBShareApp.m */; };
		EA7F02971AF04B4F001EF12A /* FBSDKCoreKit.framework in Frameworks */ = {isa = PBXBuildFile; fileRef = EA443FC71ACA113B00CB780A /* FBSDKCoreKit.framework */; };
		EA7F02981AF04B58001EF12A /* FBSDKLoginKit.framework in Frameworks */ = {isa = PBXBuildFile; fileRef = EA443FD01ACB60A700CB780A /* FBSDKLoginKit.framework */; };
		EA7F02991AF04B61001EF12A /* FBSDKShareKit.framework in Frameworks */ = {isa = PBXBuildFile; fileRef = EA443FC81ACA113B00CB780A /* FBSDKShareKit.framework */; };
		EA7F029A1AF04EB0001EF12A /* Bolts.framework in Frameworks */ = {isa = PBXBuildFile; fileRef = EAA60558198AF78400F6AAC9 /* Bolts.framework */; };
		EAA60559198AF78400F6AAC9 /* Bolts.framework in Frameworks */ = {isa = PBXBuildFile; fileRef = EAA60558198AF78400F6AAC9 /* Bolts.framework */; };
		EACF56DD19C0F98C00DC774C /* FBUtility.h in Headers */ = {isa = PBXBuildFile; fileRef = EACF56DC19C0F98C00DC774C /* FBUtility.h */; settings = {ATTRIBUTES = (Public, ); }; };
		EACF56E919C0F98D00DC774C /* FBUtilityTests.m in Sources */ = {isa = PBXBuildFile; fileRef = EACF56E819C0F98D00DC774C /* FBUtilityTests.m */; };
		EACF56F719C0F9B300DC774C /* CLSFBUtility.h in Headers */ = {isa = PBXBuildFile; fileRef = EA5EFE4319356CB900EE8725 /* CLSFBUtility.h */; settings = {ATTRIBUTES = (Public, ); }; };
		EACF56F819C0F9B300DC774C /* CLSFBUtility.m in Sources */ = {isa = PBXBuildFile; fileRef = EA5EFE4419356CB900EE8725 /* CLSFBUtility.m */; };
		EACF56F919C0F9B300DC774C /* CLSFBFeedPublish.h in Headers */ = {isa = PBXBuildFile; fileRef = EA5EFE4519356CB900EE8725 /* CLSFBFeedPublish.h */; settings = {ATTRIBUTES = (Public, ); }; };
		EACF56FA19C0F9B300DC774C /* CLSFBFeedPublish.m in Sources */ = {isa = PBXBuildFile; fileRef = EA5EFE4619356CB900EE8725 /* CLSFBFeedPublish.m */; };
		EACF56FC19C0F9B300DC774C /* CLSFBShareApp.h in Headers */ = {isa = PBXBuildFile; fileRef = EA5EFE4819356CB900EE8725 /* CLSFBShareApp.h */; settings = {ATTRIBUTES = (Public, ); }; };
		EACF56FD19C0F9B300DC774C /* CLSFBShareApp.m in Sources */ = {isa = PBXBuildFile; fileRef = EA5EFE4919356CB900EE8725 /* CLSFBShareApp.m */; };
		EACF56FE19C0FA6A00DC774C /* FBUserSettingsViewResources.bundle in Resources */ = {isa = PBXBuildFile; fileRef = EAE45EC71992DFBC00C3BDE9 /* FBUserSettingsViewResources.bundle */; };
		EAE45EC81992DFE000C3BDE9 /* FBUserSettingsViewResources.bundle in Resources */ = {isa = PBXBuildFile; fileRef = EAE45EC71992DFBC00C3BDE9 /* FBUserSettingsViewResources.bundle */; };
/* End PBXBuildFile section */

/* Begin PBXContainerItemProxy section */
		EA17C5071939562B003D2C6A /* PBXContainerItemProxy */ = {
			isa = PBXContainerItemProxy;
			containerPortal = EA5EFE1219356C2800EE8725 /* Project object */;
			proxyType = 1;
			remoteGlobalIDString = EA17C4DF1939562A003D2C6A;
			remoteInfo = FBUtilityApp;
		};
		EA17C5181939567A003D2C6A /* PBXContainerItemProxy */ = {
			isa = PBXContainerItemProxy;
			containerPortal = EA5EFE1219356C2800EE8725 /* Project object */;
			proxyType = 1;
			remoteGlobalIDString = EA5EFE1919356C2800EE8725;
			remoteInfo = FBUtility;
		};
		EA5EFE3019356C2800EE8725 /* PBXContainerItemProxy */ = {
			isa = PBXContainerItemProxy;
			containerPortal = EA5EFE1219356C2800EE8725 /* Project object */;
			proxyType = 1;
			remoteGlobalIDString = EA5EFE1919356C2800EE8725;
			remoteInfo = FBUtility;
		};
		EACF56E319C0F98C00DC774C /* PBXContainerItemProxy */ = {
			isa = PBXContainerItemProxy;
			containerPortal = EA5EFE1219356C2800EE8725 /* Project object */;
			proxyType = 1;
			remoteGlobalIDString = EA17C4DF1939562A003D2C6A;
			remoteInfo = FBUtilityApp;
		};
/* End PBXContainerItemProxy section */

/* Begin PBXCopyFilesBuildPhase section */
		EA5EFE1819356C2800EE8725 /* CopyFiles */ = {
			isa = PBXCopyFilesBuildPhase;
			buildActionMask = 2147483647;
			dstPath = "include/$(PRODUCT_NAME)";
			dstSubfolderSpec = 16;
			files = (
			);
			runOnlyForDeploymentPostprocessing = 0;
		};
		EACF56F319C0F98D00DC774C /* Embed Frameworks */ = {
			isa = PBXCopyFilesBuildPhase;
			buildActionMask = 2147483647;
			dstPath = "";
			dstSubfolderSpec = 10;
			files = (
			);
			name = "Embed Frameworks";
			runOnlyForDeploymentPostprocessing = 0;
		};
/* End PBXCopyFilesBuildPhase section */

/* Begin PBXFileReference section */
		EA17C4E01939562A003D2C6A /* FBUtilityApp.app */ = {isa = PBXFileReference; explicitFileType = wrapper.application; includeInIndex = 0; path = FBUtilityApp.app; sourceTree = BUILT_PRODUCTS_DIR; };
		EA17C4E21939562B003D2C6A /* CoreGraphics.framework */ = {isa = PBXFileReference; lastKnownFileType = wrapper.framework; name = CoreGraphics.framework; path = System/Library/Frameworks/CoreGraphics.framework; sourceTree = SDKROOT; };
		EA17C4E71939562B003D2C6A /* FBUtilityApp-Info.plist */ = {isa = PBXFileReference; lastKnownFileType = text.plist.xml; path = "FBUtilityApp-Info.plist"; sourceTree = "<group>"; };
		EA17C4E91939562B003D2C6A /* en */ = {isa = PBXFileReference; lastKnownFileType = text.plist.strings; name = en; path = en.lproj/InfoPlist.strings; sourceTree = "<group>"; };
		EA17C4EB1939562B003D2C6A /* main.m */ = {isa = PBXFileReference; lastKnownFileType = sourcecode.c.objc; path = main.m; sourceTree = "<group>"; };
		EA17C4ED1939562B003D2C6A /* FBUtilityApp-Prefix.pch */ = {isa = PBXFileReference; lastKnownFileType = sourcecode.c.h; path = "FBUtilityApp-Prefix.pch"; sourceTree = "<group>"; };
		EA17C4EE1939562B003D2C6A /* CLSFBAppDelegate.h */ = {isa = PBXFileReference; lastKnownFileType = sourcecode.c.h; path = CLSFBAppDelegate.h; sourceTree = "<group>"; };
		EA17C4EF1939562B003D2C6A /* CLSFBAppDelegate.m */ = {isa = PBXFileReference; lastKnownFileType = sourcecode.c.objc; path = CLSFBAppDelegate.m; sourceTree = "<group>"; };
		EA17C4F21939562B003D2C6A /* Base */ = {isa = PBXFileReference; lastKnownFileType = file.storyboard; name = Base; path = Base.lproj/Main_iPhone.storyboard; sourceTree = "<group>"; };
		EA17C4F51939562B003D2C6A /* Base */ = {isa = PBXFileReference; lastKnownFileType = file.storyboard; name = Base; path = Base.lproj/Main_iPad.storyboard; sourceTree = "<group>"; };
		EA17C4F71939562B003D2C6A /* CLSFBMainViewController.h */ = {isa = PBXFileReference; lastKnownFileType = sourcecode.c.h; path = CLSFBMainViewController.h; sourceTree = "<group>"; };
		EA17C4F81939562B003D2C6A /* CLSFBMainViewController.m */ = {isa = PBXFileReference; lastKnownFileType = sourcecode.c.objc; path = CLSFBMainViewController.m; sourceTree = "<group>"; };
		EA17C4FA1939562B003D2C6A /* CLSFBFlipsideViewController.h */ = {isa = PBXFileReference; lastKnownFileType = sourcecode.c.h; path = CLSFBFlipsideViewController.h; sourceTree = "<group>"; };
		EA17C4FB1939562B003D2C6A /* CLSFBFlipsideViewController.m */ = {isa = PBXFileReference; lastKnownFileType = sourcecode.c.objc; path = CLSFBFlipsideViewController.m; sourceTree = "<group>"; };
		EA17C4FD1939562B003D2C6A /* Images.xcassets */ = {isa = PBXFileReference; lastKnownFileType = folder.assetcatalog; path = Images.xcassets; sourceTree = "<group>"; };
		EA17C5031939562B003D2C6A /* FBUtilityAppTests.xctest */ = {isa = PBXFileReference; explicitFileType = wrapper.cfbundle; includeInIndex = 0; path = FBUtilityAppTests.xctest; sourceTree = BUILT_PRODUCTS_DIR; };
		EA17C50B1939562B003D2C6A /* FBUtilityAppTests-Info.plist */ = {isa = PBXFileReference; lastKnownFileType = text.plist.xml; path = "FBUtilityAppTests-Info.plist"; sourceTree = "<group>"; };
		EA17C50D1939562B003D2C6A /* en */ = {isa = PBXFileReference; lastKnownFileType = text.plist.strings; name = en; path = en.lproj/InfoPlist.strings; sourceTree = "<group>"; };
		EA17C50F1939562B003D2C6A /* FBUtilityAppTests.m */ = {isa = PBXFileReference; lastKnownFileType = sourcecode.c.objc; path = FBUtilityAppTests.m; sourceTree = "<group>"; };
		EA443FC71ACA113B00CB780A /* FBSDKCoreKit.framework */ = {isa = PBXFileReference; lastKnownFileType = wrapper.framework; name = FBSDKCoreKit.framework; path = ../../Documents/FacebookSDK/FBSDKCoreKit.framework; sourceTree = SOURCE_ROOT; };
		EA443FC81ACA113B00CB780A /* FBSDKShareKit.framework */ = {isa = PBXFileReference; lastKnownFileType = wrapper.framework; name = FBSDKShareKit.framework; path = ../../Documents/FacebookSDK/FBSDKShareKit.framework; sourceTree = SOURCE_ROOT; };
		EA443FD01ACB60A700CB780A /* FBSDKLoginKit.framework */ = {isa = PBXFileReference; lastKnownFileType = wrapper.framework; name = FBSDKLoginKit.framework; path = ../../Documents/FacebookSDK/FBSDKLoginKit.framework; sourceTree = "<group>"; };
		EA5EFE1A19356C2800EE8725 /* libFBUtilityLib.a */ = {isa = PBXFileReference; explicitFileType = archive.ar; includeInIndex = 0; path = libFBUtilityLib.a; sourceTree = BUILT_PRODUCTS_DIR; };
		EA5EFE1D19356C2800EE8725 /* Foundation.framework */ = {isa = PBXFileReference; lastKnownFileType = wrapper.framework; name = Foundation.framework; path = System/Library/Frameworks/Foundation.framework; sourceTree = SDKROOT; };
		EA5EFE2119356C2800EE8725 /* FBUtility-Prefix.pch */ = {isa = PBXFileReference; lastKnownFileType = sourcecode.c.h; path = "FBUtility-Prefix.pch"; sourceTree = "<group>"; };
		EA5EFE2A19356C2800EE8725 /* FBUtilityTests.xctest */ = {isa = PBXFileReference; explicitFileType = wrapper.cfbundle; includeInIndex = 0; path = FBUtilityTests.xctest; sourceTree = BUILT_PRODUCTS_DIR; };
		EA5EFE3519356C2800EE8725 /* FBUtilityTests-Info.plist */ = {isa = PBXFileReference; lastKnownFileType = text.plist.xml; path = "FBUtilityTests-Info.plist"; sourceTree = "<group>"; };
		EA5EFE3719356C2800EE8725 /* en */ = {isa = PBXFileReference; lastKnownFileType = text.plist.strings; name = en; path = en.lproj/InfoPlist.strings; sourceTree = "<group>"; };
		EA5EFE3919356C2800EE8725 /* FBUtilityTests.m */ = {isa = PBXFileReference; lastKnownFileType = sourcecode.c.objc; path = FBUtilityTests.m; sourceTree = "<group>"; };
		EA5EFE4319356CB900EE8725 /* CLSFBUtility.h */ = {isa = PBXFileReference; fileEncoding = 4; lastKnownFileType = sourcecode.c.h; path = CLSFBUtility.h; sourceTree = "<group>"; };
		EA5EFE4419356CB900EE8725 /* CLSFBUtility.m */ = {isa = PBXFileReference; fileEncoding = 4; lastKnownFileType = sourcecode.c.objc; path = CLSFBUtility.m; sourceTree = "<group>"; };
		EA5EFE4519356CB900EE8725 /* CLSFBFeedPublish.h */ = {isa = PBXFileReference; fileEncoding = 4; lastKnownFileType = sourcecode.c.h; path = CLSFBFeedPublish.h; sourceTree = "<group>"; };
		EA5EFE4619356CB900EE8725 /* CLSFBFeedPublish.m */ = {isa = PBXFileReference; fileEncoding = 4; lastKnownFileType = sourcecode.c.objc; path = CLSFBFeedPublish.m; sourceTree = "<group>"; };
		EA5EFE4819356CB900EE8725 /* CLSFBShareApp.h */ = {isa = PBXFileReference; fileEncoding = 4; lastKnownFileType = sourcecode.c.h; path = CLSFBShareApp.h; sourceTree = "<group>"; };
		EA5EFE4919356CB900EE8725 /* CLSFBShareApp.m */ = {isa = PBXFileReference; fileEncoding = 4; lastKnownFileType = sourcecode.c.objc; path = CLSFBShareApp.m; sourceTree = "<group>"; };
		EAA60558198AF78400F6AAC9 /* Bolts.framework */ = {isa = PBXFileReference; lastKnownFileType = wrapper.framework; name = Bolts.framework; path = ../../Documents/Bolts.framework; sourceTree = SOURCE_ROOT; };
		EACF56D819C0F98C00DC774C /* FBUtility.framework */ = {isa = PBXFileReference; explicitFileType = wrapper.framework; includeInIndex = 0; path = FBUtility.framework; sourceTree = BUILT_PRODUCTS_DIR; };
		EACF56DB19C0F98C00DC774C /* Info.plist */ = {isa = PBXFileReference; lastKnownFileType = text.plist.xml; path = Info.plist; sourceTree = "<group>"; };
		EACF56DC19C0F98C00DC774C /* FBUtility.h */ = {isa = PBXFileReference; lastKnownFileType = sourcecode.c.h; path = FBUtility.h; sourceTree = "<group>"; };
		EACF56E219C0F98C00DC774C /* FBUtilityTests.xctest */ = {isa = PBXFileReference; explicitFileType = wrapper.cfbundle; includeInIndex = 0; path = FBUtilityTests.xctest; sourceTree = BUILT_PRODUCTS_DIR; };
		EACF56E719C0F98D00DC774C /* Info.plist */ = {isa = PBXFileReference; lastKnownFileType = text.plist.xml; path = Info.plist; sourceTree = "<group>"; };
		EACF56E819C0F98D00DC774C /* FBUtilityTests.m */ = {isa = PBXFileReference; lastKnownFileType = sourcecode.c.objc; path = FBUtilityTests.m; sourceTree = "<group>"; };
		EAE45EC71992DFBC00C3BDE9 /* FBUserSettingsViewResources.bundle */ = {isa = PBXFileReference; lastKnownFileType = "wrapper.plug-in"; path = FBUserSettingsViewResources.bundle; sourceTree = "<group>"; };
/* End PBXFileReference section */

/* Begin PBXFrameworksBuildPhase section */
		EA17C4DD1939562A003D2C6A /* Frameworks */ = {
			isa = PBXFrameworksBuildPhase;
			buildActionMask = 2147483647;
			files = (
				EA443FCB1ACA113B00CB780A /* FBSDKShareKit.framework in Frameworks */,
				EA17C51719395674003D2C6A /* libFBUtilityLib.a in Frameworks */,
				EA443FD11ACB60A700CB780A /* FBSDKLoginKit.framework in Frameworks */,
				EAA60559198AF78400F6AAC9 /* Bolts.framework in Frameworks */,
				EA17C4E31939562B003D2C6A /* CoreGraphics.framework in Frameworks */,
				EA443FC91ACA113B00CB780A /* FBSDKCoreKit.framework in Frameworks */,
				EA17C4E11939562B003D2C6A /* Foundation.framework in Frameworks */,
			);
			runOnlyForDeploymentPostprocessing = 0;
		};
		EA17C5001939562B003D2C6A /* Frameworks */ = {
			isa = PBXFrameworksBuildPhase;
			buildActionMask = 2147483647;
			files = (
				EA443FCA1ACA113B00CB780A /* FBSDKCoreKit.framework in Frameworks */,
				EA443FCC1ACA113B00CB780A /* FBSDKShareKit.framework in Frameworks */,
				EA443FD21ACB60A700CB780A /* FBSDKLoginKit.framework in Frameworks */,
				EA17C5051939562B003D2C6A /* Foundation.framework in Frameworks */,
				EA443FC61ACA10ED00CB780A /* Bolts.framework in Frameworks */,
			);
			runOnlyForDeploymentPostprocessing = 0;
		};
		EA5EFE1719356C2800EE8725 /* Frameworks */ = {
			isa = PBXFrameworksBuildPhase;
			buildActionMask = 2147483647;
			files = (
				EA7F029A1AF04EB0001EF12A /* Bolts.framework in Frameworks */,
				EA7F02991AF04B61001EF12A /* FBSDKShareKit.framework in Frameworks */,
				EA5EFE1E19356C2800EE8725 /* Foundation.framework in Frameworks */,
				EA7F02971AF04B4F001EF12A /* FBSDKCoreKit.framework in Frameworks */,
				EA7F02981AF04B58001EF12A /* FBSDKLoginKit.framework in Frameworks */,
			);
			runOnlyForDeploymentPostprocessing = 0;
		};
		EA5EFE2719356C2800EE8725 /* Frameworks */ = {
			isa = PBXFrameworksBuildPhase;
			buildActionMask = 2147483647;
			files = (
				EA5EFE3219356C2800EE8725 /* libFBUtilityLib.a in Frameworks */,
				EA5EFE2D19356C2800EE8725 /* Foundation.framework in Frameworks */,
			);
			runOnlyForDeploymentPostprocessing = 0;
		};
		EACF56D419C0F98C00DC774C /* Frameworks */ = {
			isa = PBXFrameworksBuildPhase;
			buildActionMask = 2147483647;
			files = (
			);
			runOnlyForDeploymentPostprocessing = 0;
		};
		EACF56DF19C0F98C00DC774C /* Frameworks */ = {
			isa = PBXFrameworksBuildPhase;
			buildActionMask = 2147483647;
			files = (
			);
			runOnlyForDeploymentPostprocessing = 0;
		};
/* End PBXFrameworksBuildPhase section */

/* Begin PBXGroup section */
		EA17C4E51939562B003D2C6A /* FBUtilityApp */ = {
			isa = PBXGroup;
			children = (
				EA17C4EE1939562B003D2C6A /* CLSFBAppDelegate.h */,
				EA17C4EF1939562B003D2C6A /* CLSFBAppDelegate.m */,
				EA17C4F11939562B003D2C6A /* Main_iPhone.storyboard */,
				EA17C4F41939562B003D2C6A /* Main_iPad.storyboard */,
				EA17C4F71939562B003D2C6A /* CLSFBMainViewController.h */,
				EA17C4F81939562B003D2C6A /* CLSFBMainViewController.m */,
				EA17C4FA1939562B003D2C6A /* CLSFBFlipsideViewController.h */,
				EA17C4FB1939562B003D2C6A /* CLSFBFlipsideViewController.m */,
				EA17C4FD1939562B003D2C6A /* Images.xcassets */,
				EA17C4E61939562B003D2C6A /* Supporting Files */,
			);
			path = FBUtilityApp;
			sourceTree = "<group>";
		};
		EA17C4E61939562B003D2C6A /* Supporting Files */ = {
			isa = PBXGroup;
			children = (
				EA17C4E71939562B003D2C6A /* FBUtilityApp-Info.plist */,
				EA17C4E81939562B003D2C6A /* InfoPlist.strings */,
				EA17C4EB1939562B003D2C6A /* main.m */,
				EA17C4ED1939562B003D2C6A /* FBUtilityApp-Prefix.pch */,
			);
			name = "Supporting Files";
			sourceTree = "<group>";
		};
		EA17C5091939562B003D2C6A /* FBUtilityAppTests */ = {
			isa = PBXGroup;
			children = (
				EA17C50F1939562B003D2C6A /* FBUtilityAppTests.m */,
				EA17C50A1939562B003D2C6A /* Supporting Files */,
			);
			path = FBUtilityAppTests;
			sourceTree = "<group>";
		};
		EA17C50A1939562B003D2C6A /* Supporting Files */ = {
			isa = PBXGroup;
			children = (
				EA17C50B1939562B003D2C6A /* FBUtilityAppTests-Info.plist */,
				EA17C50C1939562B003D2C6A /* InfoPlist.strings */,
			);
			name = "Supporting Files";
			sourceTree = "<group>";
		};
		EA5EFE1119356C2800EE8725 = {
			isa = PBXGroup;
			children = (
				EA5EFE1F19356C2800EE8725 /* FBUtility */,
				EA5EFE3319356C2800EE8725 /* FBUtilityTests */,
				EA17C4E51939562B003D2C6A /* FBUtilityApp */,
				EA17C5091939562B003D2C6A /* FBUtilityAppTests */,
				EACF56D919C0F98C00DC774C /* FBUtility */,
				EACF56E519C0F98C00DC774C /* FBUtilityTests */,
				EA5EFE1C19356C2800EE8725 /* Frameworks */,
				EA5EFE1B19356C2800EE8725 /* Products */,
			);
			sourceTree = "<group>";
		};
		EA5EFE1B19356C2800EE8725 /* Products */ = {
			isa = PBXGroup;
			children = (
				EA5EFE1A19356C2800EE8725 /* libFBUtilityLib.a */,
				EA5EFE2A19356C2800EE8725 /* FBUtilityTests.xctest */,
				EA17C4E01939562A003D2C6A /* FBUtilityApp.app */,
				EA17C5031939562B003D2C6A /* FBUtilityAppTests.xctest */,
				EACF56D819C0F98C00DC774C /* FBUtility.framework */,
				EACF56E219C0F98C00DC774C /* FBUtilityTests.xctest */,
			);
			name = Products;
			sourceTree = "<group>";
		};
		EA5EFE1C19356C2800EE8725 /* Frameworks */ = {
			isa = PBXGroup;
			children = (
				EA443FD01ACB60A700CB780A /* FBSDKLoginKit.framework */,
				EA443FC71ACA113B00CB780A /* FBSDKCoreKit.framework */,
				EA443FC81ACA113B00CB780A /* FBSDKShareKit.framework */,
				EAA60558198AF78400F6AAC9 /* Bolts.framework */,
				EA5EFE1D19356C2800EE8725 /* Foundation.framework */,
				EA17C4E21939562B003D2C6A /* CoreGraphics.framework */,
			);
			name = Frameworks;
			sourceTree = "<group>";
		};
		EA5EFE1F19356C2800EE8725 /* FBUtility */ = {
			isa = PBXGroup;
			children = (
				EA5EFE4319356CB900EE8725 /* CLSFBUtility.h */,
				EA5EFE4419356CB900EE8725 /* CLSFBUtility.m */,
				EA5EFE4519356CB900EE8725 /* CLSFBFeedPublish.h */,
				EA5EFE4619356CB900EE8725 /* CLSFBFeedPublish.m */,
				EA5EFE4819356CB900EE8725 /* CLSFBShareApp.h */,
				EA5EFE4919356CB900EE8725 /* CLSFBShareApp.m */,
				EAE45EC71992DFBC00C3BDE9 /* FBUserSettingsViewResources.bundle */,
				EA5EFE2019356C2800EE8725 /* Supporting Files */,
			);
			path = FBUtility;
			sourceTree = "<group>";
		};
		EA5EFE2019356C2800EE8725 /* Supporting Files */ = {
			isa = PBXGroup;
			children = (
				EA5EFE2119356C2800EE8725 /* FBUtility-Prefix.pch */,
			);
			name = "Supporting Files";
			sourceTree = "<group>";
		};
		EA5EFE3319356C2800EE8725 /* FBUtilityTests */ = {
			isa = PBXGroup;
			children = (
				EA5EFE3919356C2800EE8725 /* FBUtilityTests.m */,
				EA5EFE3419356C2800EE8725 /* Supporting Files */,
			);
			path = FBUtilityTests;
			sourceTree = "<group>";
		};
		EA5EFE3419356C2800EE8725 /* Supporting Files */ = {
			isa = PBXGroup;
			children = (
				EA5EFE3519356C2800EE8725 /* FBUtilityTests-Info.plist */,
				EA5EFE3619356C2800EE8725 /* InfoPlist.strings */,
			);
			name = "Supporting Files";
			sourceTree = "<group>";
		};
		EACF56D919C0F98C00DC774C /* FBUtility */ = {
			isa = PBXGroup;
			children = (
				EACF56DC19C0F98C00DC774C /* FBUtility.h */,
				EACF56DA19C0F98C00DC774C /* Supporting Files */,
			);
			path = FBUtility;
			sourceTree = "<group>";
		};
		EACF56DA19C0F98C00DC774C /* Supporting Files */ = {
			isa = PBXGroup;
			children = (
				EACF56DB19C0F98C00DC774C /* Info.plist */,
			);
			name = "Supporting Files";
			sourceTree = "<group>";
		};
		EACF56E519C0F98C00DC774C /* FBUtilityTests */ = {
			isa = PBXGroup;
			children = (
				EACF56E819C0F98D00DC774C /* FBUtilityTests.m */,
				EACF56E619C0F98D00DC774C /* Supporting Files */,
			);
			path = FBUtilityTests;
			sourceTree = "<group>";
		};
		EACF56E619C0F98D00DC774C /* Supporting Files */ = {
			isa = PBXGroup;
			children = (
				EACF56E719C0F98D00DC774C /* Info.plist */,
			);
			name = "Supporting Files";
			sourceTree = "<group>";
		};
/* End PBXGroup section */

/* Begin PBXHeadersBuildPhase section */
		EACF56D519C0F98C00DC774C /* Headers */ = {
			isa = PBXHeadersBuildPhase;
			buildActionMask = 2147483647;
			files = (
				EACF56F719C0F9B300DC774C /* CLSFBUtility.h in Headers */,
				EACF56F919C0F9B300DC774C /* CLSFBFeedPublish.h in Headers */,
				EACF56DD19C0F98C00DC774C /* FBUtility.h in Headers */,
				EACF56FC19C0F9B300DC774C /* CLSFBShareApp.h in Headers */,
			);
			runOnlyForDeploymentPostprocessing = 0;
		};
/* End PBXHeadersBuildPhase section */

/* Begin PBXNativeTarget section */
		EA17C4DF1939562A003D2C6A /* FBUtilityApp */ = {
			isa = PBXNativeTarget;
			buildConfigurationList = EA17C5151939562B003D2C6A /* Build configuration list for PBXNativeTarget "FBUtilityApp" */;
			buildPhases = (
				EA17C4DC1939562A003D2C6A /* Sources */,
				EA17C4DD1939562A003D2C6A /* Frameworks */,
				EA17C4DE1939562A003D2C6A /* Resources */,
				EACF56F319C0F98D00DC774C /* Embed Frameworks */,
			);
			buildRules = (
			);
			dependencies = (
				EA17C5191939567A003D2C6A /* PBXTargetDependency */,
			);
			name = FBUtilityApp;
			productName = FBUtilityApp;
			productReference = EA17C4E01939562A003D2C6A /* FBUtilityApp.app */;
			productType = "com.apple.product-type.application";
		};
		EA17C5021939562B003D2C6A /* FBUtilityAppTests */ = {
			isa = PBXNativeTarget;
			buildConfigurationList = EA17C5161939562B003D2C6A /* Build configuration list for PBXNativeTarget "FBUtilityAppTests" */;
			buildPhases = (
				EA17C4FF1939562B003D2C6A /* Sources */,
				EA17C5001939562B003D2C6A /* Frameworks */,
				EA17C5011939562B003D2C6A /* Resources */,
			);
			buildRules = (
			);
			dependencies = (
				EA17C5081939562B003D2C6A /* PBXTargetDependency */,
			);
			name = FBUtilityAppTests;
			productName = FBUtilityAppTests;
			productReference = EA17C5031939562B003D2C6A /* FBUtilityAppTests.xctest */;
			productType = "com.apple.product-type.bundle.unit-test";
		};
		EA5EFE1919356C2800EE8725 /* FBUtilityLib */ = {
			isa = PBXNativeTarget;
			buildConfigurationList = EA5EFE3D19356C2800EE8725 /* Build configuration list for PBXNativeTarget "FBUtilityLib" */;
			buildPhases = (
				EA5EFE1619356C2800EE8725 /* Sources */,
				EA5EFE1719356C2800EE8725 /* Frameworks */,
				EA5EFE1819356C2800EE8725 /* CopyFiles */,
			);
			buildRules = (
			);
			dependencies = (
			);
			name = FBUtilityLib;
			productName = FBUtility;
			productReference = EA5EFE1A19356C2800EE8725 /* libFBUtilityLib.a */;
			productType = "com.apple.product-type.library.static";
		};
		EA5EFE2919356C2800EE8725 /* FBUtilityTests */ = {
			isa = PBXNativeTarget;
			buildConfigurationList = EA5EFE4019356C2800EE8725 /* Build configuration list for PBXNativeTarget "FBUtilityTests" */;
			buildPhases = (
				EA5EFE2619356C2800EE8725 /* Sources */,
				EA5EFE2719356C2800EE8725 /* Frameworks */,
				EA5EFE2819356C2800EE8725 /* Resources */,
			);
			buildRules = (
			);
			dependencies = (
				EA5EFE3119356C2800EE8725 /* PBXTargetDependency */,
			);
			name = FBUtilityTests;
			productName = FBUtilityTests;
			productReference = EA5EFE2A19356C2800EE8725 /* FBUtilityTests.xctest */;
			productType = "com.apple.product-type.bundle.unit-test";
		};
		EACF56D719C0F98C00DC774C /* FBUtility */ = {
			isa = PBXNativeTarget;
			buildConfigurationList = EACF56F019C0F98D00DC774C /* Build configuration list for PBXNativeTarget "FBUtility" */;
			buildPhases = (
				EACF56D319C0F98C00DC774C /* Sources */,
				EACF56D419C0F98C00DC774C /* Frameworks */,
				EACF56D519C0F98C00DC774C /* Headers */,
				EACF56D619C0F98C00DC774C /* Resources */,
			);
			buildRules = (
			);
			dependencies = (
			);
			name = FBUtility;
			productName = FBUtility;
			productReference = EACF56D819C0F98C00DC774C /* FBUtility.framework */;
			productType = "com.apple.product-type.framework";
		};
		EACF56E119C0F98C00DC774C /* FBUtilityTests */ = {
			isa = PBXNativeTarget;
			buildConfigurationList = EACF56F419C0F98D00DC774C /* Build configuration list for PBXNativeTarget "FBUtilityTests" */;
			buildPhases = (
				EACF56DE19C0F98C00DC774C /* Sources */,
				EACF56DF19C0F98C00DC774C /* Frameworks */,
				EACF56E019C0F98C00DC774C /* Resources */,
			);
			buildRules = (
			);
			dependencies = (
				EACF56E419C0F98C00DC774C /* PBXTargetDependency */,
			);
			name = FBUtilityTests;
			productName = FBUtilityTests;
			productReference = EACF56E219C0F98C00DC774C /* FBUtilityTests.xctest */;
			productType = "com.apple.product-type.bundle.unit-test";
		};
/* End PBXNativeTarget section */

/* Begin PBXProject section */
		EA5EFE1219356C2800EE8725 /* Project object */ = {
			isa = PBXProject;
			attributes = {
				CLASSPREFIX = CLS;
				LastUpgradeCheck = 0700;
				ORGANIZATIONNAME = "Catloaf Software, LLC";
				TargetAttributes = {
					EA17C5021939562B003D2C6A = {
						TestTargetID = EA17C4DF1939562A003D2C6A;
					};
					EA5EFE2919356C2800EE8725 = {
						TestTargetID = EA17C4DF1939562A003D2C6A;
					};
					EACF56D719C0F98C00DC774C = {
						CreatedOnToolsVersion = 6.0;
						DevelopmentTeam = AC5FE5F4U3;
					};
					EACF56E119C0F98C00DC774C = {
						CreatedOnToolsVersion = 6.0;
						TestTargetID = EA17C4DF1939562A003D2C6A;
					};
				};
			};
			buildConfigurationList = EA5EFE1519356C2800EE8725 /* Build configuration list for PBXProject "FBUtility" */;
			compatibilityVersion = "Xcode 3.2";
			developmentRegion = English;
			hasScannedForEncodings = 0;
			knownRegions = (
				en,
				Base,
			);
			mainGroup = EA5EFE1119356C2800EE8725;
			productRefGroup = EA5EFE1B19356C2800EE8725 /* Products */;
			projectDirPath = "";
			projectRoot = "";
			targets = (
				EA5EFE1919356C2800EE8725 /* FBUtilityLib */,
				EACF56D719C0F98C00DC774C /* FBUtility */,
				EA5EFE2919356C2800EE8725 /* FBUtilityTests */,
				EA17C4DF1939562A003D2C6A /* FBUtilityApp */,
				EA17C5021939562B003D2C6A /* FBUtilityAppTests */,
				EACF56E119C0F98C00DC774C /* FBUtilityTests */,
			);
		};
/* End PBXProject section */

/* Begin PBXResourcesBuildPhase section */
		EA17C4DE1939562A003D2C6A /* Resources */ = {
			isa = PBXResourcesBuildPhase;
			buildActionMask = 2147483647;
			files = (
				EA17C4F61939562B003D2C6A /* Main_iPad.storyboard in Resources */,
				EA17C4FE1939562B003D2C6A /* Images.xcassets in Resources */,
				EA17C4F31939562B003D2C6A /* Main_iPhone.storyboard in Resources */,
				EA17C4EA1939562B003D2C6A /* InfoPlist.strings in Resources */,
				EAE45EC81992DFE000C3BDE9 /* FBUserSettingsViewResources.bundle in Resources */,
			);
			runOnlyForDeploymentPostprocessing = 0;
		};
		EA17C5011939562B003D2C6A /* Resources */ = {
			isa = PBXResourcesBuildPhase;
			buildActionMask = 2147483647;
			files = (
				EA17C50E1939562B003D2C6A /* InfoPlist.strings in Resources */,
			);
			runOnlyForDeploymentPostprocessing = 0;
		};
		EA5EFE2819356C2800EE8725 /* Resources */ = {
			isa = PBXResourcesBuildPhase;
			buildActionMask = 2147483647;
			files = (
				EA5EFE3819356C2800EE8725 /* InfoPlist.strings in Resources */,
			);
			runOnlyForDeploymentPostprocessing = 0;
		};
		EACF56D619C0F98C00DC774C /* Resources */ = {
			isa = PBXResourcesBuildPhase;
			buildActionMask = 2147483647;
			files = (
				EACF56FE19C0FA6A00DC774C /* FBUserSettingsViewResources.bundle in Resources */,
			);
			runOnlyForDeploymentPostprocessing = 0;
		};
		EACF56E019C0F98C00DC774C /* Resources */ = {
			isa = PBXResourcesBuildPhase;
			buildActionMask = 2147483647;
			files = (
			);
			runOnlyForDeploymentPostprocessing = 0;
		};
/* End PBXResourcesBuildPhase section */

/* Begin PBXSourcesBuildPhase section */
		EA17C4DC1939562A003D2C6A /* Sources */ = {
			isa = PBXSourcesBuildPhase;
			buildActionMask = 2147483647;
			files = (
				EA17C4F91939562B003D2C6A /* CLSFBMainViewController.m in Sources */,
				EA17C4FC1939562B003D2C6A /* CLSFBFlipsideViewController.m in Sources */,
				EA17C4EC1939562B003D2C6A /* main.m in Sources */,
				EA17C4F01939562B003D2C6A /* CLSFBAppDelegate.m in Sources */,
			);
			runOnlyForDeploymentPostprocessing = 0;
		};
		EA17C4FF1939562B003D2C6A /* Sources */ = {
			isa = PBXSourcesBuildPhase;
			buildActionMask = 2147483647;
			files = (
				EA17C5101939562B003D2C6A /* FBUtilityAppTests.m in Sources */,
			);
			runOnlyForDeploymentPostprocessing = 0;
		};
		EA5EFE1619356C2800EE8725 /* Sources */ = {
			isa = PBXSourcesBuildPhase;
			buildActionMask = 2147483647;
			files = (
				EA5EFE4B19356CB900EE8725 /* CLSFBFeedPublish.m in Sources */,
				EA5EFE4A19356CB900EE8725 /* CLSFBUtility.m in Sources */,
				EA5EFE4C19356CB900EE8725 /* CLSFBShareApp.m in Sources */,
			);
			runOnlyForDeploymentPostprocessing = 0;
		};
		EA5EFE2619356C2800EE8725 /* Sources */ = {
			isa = PBXSourcesBuildPhase;
			buildActionMask = 2147483647;
			files = (
				EA5EFE3A19356C2800EE8725 /* FBUtilityTests.m in Sources */,
			);
			runOnlyForDeploymentPostprocessing = 0;
		};
		EACF56D319C0F98C00DC774C /* Sources */ = {
			isa = PBXSourcesBuildPhase;
			buildActionMask = 2147483647;
			files = (
				EACF56F819C0F9B300DC774C /* CLSFBUtility.m in Sources */,
				EACF56FD19C0F9B300DC774C /* CLSFBShareApp.m in Sources */,
				EACF56FA19C0F9B300DC774C /* CLSFBFeedPublish.m in Sources */,
			);
			runOnlyForDeploymentPostprocessing = 0;
		};
		EACF56DE19C0F98C00DC774C /* Sources */ = {
			isa = PBXSourcesBuildPhase;
			buildActionMask = 2147483647;
			files = (
				EACF56E919C0F98D00DC774C /* FBUtilityTests.m in Sources */,
			);
			runOnlyForDeploymentPostprocessing = 0;
		};
/* End PBXSourcesBuildPhase section */

/* Begin PBXTargetDependency section */
		EA17C5081939562B003D2C6A /* PBXTargetDependency */ = {
			isa = PBXTargetDependency;
			target = EA17C4DF1939562A003D2C6A /* FBUtilityApp */;
			targetProxy = EA17C5071939562B003D2C6A /* PBXContainerItemProxy */;
		};
		EA17C5191939567A003D2C6A /* PBXTargetDependency */ = {
			isa = PBXTargetDependency;
			target = EA5EFE1919356C2800EE8725 /* FBUtilityLib */;
			targetProxy = EA17C5181939567A003D2C6A /* PBXContainerItemProxy */;
		};
		EA5EFE3119356C2800EE8725 /* PBXTargetDependency */ = {
			isa = PBXTargetDependency;
			target = EA5EFE1919356C2800EE8725 /* FBUtilityLib */;
			targetProxy = EA5EFE3019356C2800EE8725 /* PBXContainerItemProxy */;
		};
		EACF56E419C0F98C00DC774C /* PBXTargetDependency */ = {
			isa = PBXTargetDependency;
			target = EA17C4DF1939562A003D2C6A /* FBUtilityApp */;
			targetProxy = EACF56E319C0F98C00DC774C /* PBXContainerItemProxy */;
		};
/* End PBXTargetDependency section */

/* Begin PBXVariantGroup section */
		EA17C4E81939562B003D2C6A /* InfoPlist.strings */ = {
			isa = PBXVariantGroup;
			children = (
				EA17C4E91939562B003D2C6A /* en */,
			);
			name = InfoPlist.strings;
			sourceTree = "<group>";
		};
		EA17C4F11939562B003D2C6A /* Main_iPhone.storyboard */ = {
			isa = PBXVariantGroup;
			children = (
				EA17C4F21939562B003D2C6A /* Base */,
			);
			name = Main_iPhone.storyboard;
			sourceTree = "<group>";
		};
		EA17C4F41939562B003D2C6A /* Main_iPad.storyboard */ = {
			isa = PBXVariantGroup;
			children = (
				EA17C4F51939562B003D2C6A /* Base */,
			);
			name = Main_iPad.storyboard;
			sourceTree = "<group>";
		};
		EA17C50C1939562B003D2C6A /* InfoPlist.strings */ = {
			isa = PBXVariantGroup;
			children = (
				EA17C50D1939562B003D2C6A /* en */,
			);
			name = InfoPlist.strings;
			sourceTree = "<group>";
		};
		EA5EFE3619356C2800EE8725 /* InfoPlist.strings */ = {
			isa = PBXVariantGroup;
			children = (
				EA5EFE3719356C2800EE8725 /* en */,
			);
			name = InfoPlist.strings;
			sourceTree = "<group>";
		};
/* End PBXVariantGroup section */

/* Begin XCBuildConfiguration section */
		EA17C5111939562B003D2C6A /* Debug */ = {
			isa = XCBuildConfiguration;
			buildSettings = {
				ASSETCATALOG_COMPILER_APPICON_NAME = AppIcon;
				ASSETCATALOG_COMPILER_LAUNCHIMAGE_NAME = LaunchImage;
				"CODE_SIGN_IDENTITY[sdk=iphoneos*]" = "iPhone Developer";
				FRAMEWORK_SEARCH_PATHS = (
					"$(inherited)",
					"$(DEVELOPER_FRAMEWORKS_DIR)",
					"$(HOME)/Documents/FacebookSDK",
				);
				GCC_PRECOMPILE_PREFIX_HEADER = YES;
				GCC_PREFIX_HEADER = "FBUtilityApp/FBUtilityApp-Prefix.pch";
				GCC_PREPROCESSOR_DEFINITIONS = (
					"DEBUG=1",
					"$(inherited)",
				);
				INFOPLIST_FILE = "FBUtilityApp/FBUtilityApp-Info.plist";
				IPHONEOS_DEPLOYMENT_TARGET = 7.0;
				LD_RUNPATH_SEARCH_PATHS = "$(inherited) @executable_path/Frameworks";
				PRODUCT_BUNDLE_IDENTIFIER = "com.catloafsoft.${PRODUCT_NAME:rfc1034identifier}";
				PRODUCT_NAME = "$(TARGET_NAME)";
				WRAPPER_EXTENSION = app;
			};
			name = Debug;
		};
		EA17C5121939562B003D2C6A /* Release */ = {
			isa = XCBuildConfiguration;
			buildSettings = {
				ASSETCATALOG_COMPILER_APPICON_NAME = AppIcon;
				ASSETCATALOG_COMPILER_LAUNCHIMAGE_NAME = LaunchImage;
				"CODE_SIGN_IDENTITY[sdk=iphoneos*]" = "iPhone Developer";
				FRAMEWORK_SEARCH_PATHS = (
					"$(inherited)",
					"$(DEVELOPER_FRAMEWORKS_DIR)",
					"$(HOME)/Documents/FacebookSDK",
				);
				GCC_PRECOMPILE_PREFIX_HEADER = YES;
				GCC_PREFIX_HEADER = "FBUtilityApp/FBUtilityApp-Prefix.pch";
				INFOPLIST_FILE = "FBUtilityApp/FBUtilityApp-Info.plist";
				IPHONEOS_DEPLOYMENT_TARGET = 7.0;
				LD_RUNPATH_SEARCH_PATHS = "$(inherited) @executable_path/Frameworks";
				PRODUCT_BUNDLE_IDENTIFIER = "com.catloafsoft.${PRODUCT_NAME:rfc1034identifier}";
				PRODUCT_NAME = "$(TARGET_NAME)";
				WRAPPER_EXTENSION = app;
			};
			name = Release;
		};
		EA17C5131939562B003D2C6A /* Debug */ = {
			isa = XCBuildConfiguration;
			buildSettings = {
				BUNDLE_LOADER = "$(BUILT_PRODUCTS_DIR)/FBUtilityApp.app/FBUtilityApp";
				FRAMEWORK_SEARCH_PATHS = (
					"$(SDKROOT)/Developer/Library/Frameworks",
					"$(inherited)",
					"$(DEVELOPER_FRAMEWORKS_DIR)",
					"$(HOME)/Documents/FacebookSDK",
				);
				GCC_PRECOMPILE_PREFIX_HEADER = YES;
				GCC_PREFIX_HEADER = "FBUtilityApp/FBUtilityApp-Prefix.pch";
				GCC_PREPROCESSOR_DEFINITIONS = (
					"DEBUG=1",
					"$(inherited)",
				);
				INFOPLIST_FILE = "FBUtilityAppTests/FBUtilityAppTests-Info.plist";
				IPHONEOS_DEPLOYMENT_TARGET = 7.1;
				PRODUCT_BUNDLE_IDENTIFIER = "com.catloafsoft.${PRODUCT_NAME:rfc1034identifier}";
				PRODUCT_NAME = "$(TARGET_NAME)";
				TEST_HOST = "$(BUNDLE_LOADER)";
				WRAPPER_EXTENSION = xctest;
			};
			name = Debug;
		};
		EA17C5141939562B003D2C6A /* Release */ = {
			isa = XCBuildConfiguration;
			buildSettings = {
				BUNDLE_LOADER = "$(BUILT_PRODUCTS_DIR)/FBUtilityApp.app/FBUtilityApp";
				FRAMEWORK_SEARCH_PATHS = (
					"$(SDKROOT)/Developer/Library/Frameworks",
					"$(inherited)",
					"$(DEVELOPER_FRAMEWORKS_DIR)",
					"$(HOME)/Documents/FacebookSDK",
				);
				GCC_PRECOMPILE_PREFIX_HEADER = YES;
				GCC_PREFIX_HEADER = "FBUtilityApp/FBUtilityApp-Prefix.pch";
				INFOPLIST_FILE = "FBUtilityAppTests/FBUtilityAppTests-Info.plist";
				IPHONEOS_DEPLOYMENT_TARGET = 7.1;
				PRODUCT_BUNDLE_IDENTIFIER = "com.catloafsoft.${PRODUCT_NAME:rfc1034identifier}";
				PRODUCT_NAME = "$(TARGET_NAME)";
				TEST_HOST = "$(BUNDLE_LOADER)";
				WRAPPER_EXTENSION = xctest;
			};
			name = Release;
		};
		EA5EFE3B19356C2800EE8725 /* Debug */ = {
			isa = XCBuildConfiguration;
			buildSettings = {
				ALWAYS_SEARCH_USER_PATHS = NO;
				CLANG_ALLOW_NON_MODULAR_INCLUDES_IN_FRAMEWORK_MODULES = YES;
				CLANG_CXX_LANGUAGE_STANDARD = "gnu++0x";
				CLANG_CXX_LIBRARY = "libc++";
				CLANG_ENABLE_MODULES = YES;
				CLANG_ENABLE_OBJC_ARC = YES;
				CLANG_WARN_BOOL_CONVERSION = YES;
				CLANG_WARN_CONSTANT_CONVERSION = YES;
				CLANG_WARN_DIRECT_OBJC_ISA_USAGE = YES_ERROR;
				CLANG_WARN_EMPTY_BODY = YES;
				CLANG_WARN_ENUM_CONVERSION = YES;
				CLANG_WARN_INT_CONVERSION = YES;
				CLANG_WARN_OBJC_ROOT_CLASS = YES_ERROR;
				CLANG_WARN__DUPLICATE_METHOD_MATCH = YES;
				COPY_PHASE_STRIP = NO;
				ENABLE_TESTABILITY = YES;
				FRAMEWORK_SEARCH_PATHS = "$(HOME)/Documents/FacebookSDK";
				GCC_C_LANGUAGE_STANDARD = gnu99;
				GCC_DYNAMIC_NO_PIC = NO;
				GCC_OPTIMIZATION_LEVEL = 0;
				GCC_PREPROCESSOR_DEFINITIONS = (
					"DEBUG=1",
					"$(inherited)",
				);
				GCC_SYMBOLS_PRIVATE_EXTERN = NO;
				GCC_WARN_64_TO_32_BIT_CONVERSION = YES;
				GCC_WARN_ABOUT_RETURN_TYPE = YES_ERROR;
				GCC_WARN_UNDECLARED_SELECTOR = YES;
				GCC_WARN_UNINITIALIZED_AUTOS = YES_AGGRESSIVE;
				GCC_WARN_UNUSED_FUNCTION = YES;
				GCC_WARN_UNUSED_VARIABLE = YES;
				IPHONEOS_DEPLOYMENT_TARGET = 7.0;
				ONLY_ACTIVE_ARCH = YES;
				SDKROOT = iphoneos;
				SKIP_INSTALL = YES;
				TARGETED_DEVICE_FAMILY = "1,2";
			};
			name = Debug;
		};
		EA5EFE3C19356C2800EE8725 /* Release */ = {
			isa = XCBuildConfiguration;
			buildSettings = {
				ALWAYS_SEARCH_USER_PATHS = NO;
				CLANG_ALLOW_NON_MODULAR_INCLUDES_IN_FRAMEWORK_MODULES = YES;
				CLANG_CXX_LANGUAGE_STANDARD = "gnu++0x";
				CLANG_CXX_LIBRARY = "libc++";
				CLANG_ENABLE_MODULES = YES;
				CLANG_ENABLE_OBJC_ARC = YES;
				CLANG_WARN_BOOL_CONVERSION = YES;
				CLANG_WARN_CONSTANT_CONVERSION = YES;
				CLANG_WARN_DIRECT_OBJC_ISA_USAGE = YES_ERROR;
				CLANG_WARN_EMPTY_BODY = YES;
				CLANG_WARN_ENUM_CONVERSION = YES;
				CLANG_WARN_INT_CONVERSION = YES;
				CLANG_WARN_OBJC_ROOT_CLASS = YES_ERROR;
				CLANG_WARN__DUPLICATE_METHOD_MATCH = YES;
				COPY_PHASE_STRIP = YES;
				ENABLE_NS_ASSERTIONS = NO;
				FRAMEWORK_SEARCH_PATHS = "$(HOME)/Documents/FacebookSDK";
				GCC_C_LANGUAGE_STANDARD = gnu99;
				GCC_WARN_64_TO_32_BIT_CONVERSION = YES;
				GCC_WARN_ABOUT_RETURN_TYPE = YES_ERROR;
				GCC_WARN_UNDECLARED_SELECTOR = YES;
				GCC_WARN_UNINITIALIZED_AUTOS = YES_AGGRESSIVE;
				GCC_WARN_UNUSED_FUNCTION = YES;
				GCC_WARN_UNUSED_VARIABLE = YES;
				IPHONEOS_DEPLOYMENT_TARGET = 7.0;
				SDKROOT = iphoneos;
				SKIP_INSTALL = YES;
				TARGETED_DEVICE_FAMILY = "1,2";
				VALIDATE_PRODUCT = YES;
			};
			name = Release;
		};
		EA5EFE3E19356C2800EE8725 /* Debug */ = {
			isa = XCBuildConfiguration;
			buildSettings = {
				DSTROOT = /tmp/FBUtility.dst;
				FRAMEWORK_SEARCH_PATHS = (
					"$(inherited)",
					"$(HOME)/Documents/FacebookSDK",
				);
				GCC_PRECOMPILE_PREFIX_HEADER = YES;
				GCC_PREFIX_HEADER = "FBUtility/FBUtility-Prefix.pch";
				IPHONEOS_DEPLOYMENT_TARGET = 7.0;
				OTHER_LDFLAGS = "-ObjC";
				PRODUCT_NAME = "$(TARGET_NAME)";
				SKIP_INSTALL = YES;
				TARGETED_DEVICE_FAMILY = "1,2";
			};
			name = Debug;
		};
		EA5EFE3F19356C2800EE8725 /* Release */ = {
			isa = XCBuildConfiguration;
			buildSettings = {
				DSTROOT = /tmp/FBUtility.dst;
				FRAMEWORK_SEARCH_PATHS = (
					"$(inherited)",
					"$(HOME)/Documents/FacebookSDK",
				);
				GCC_PRECOMPILE_PREFIX_HEADER = YES;
				GCC_PREFIX_HEADER = "FBUtility/FBUtility-Prefix.pch";
				IPHONEOS_DEPLOYMENT_TARGET = 7.0;
				OTHER_LDFLAGS = "-ObjC";
				PRODUCT_NAME = "$(TARGET_NAME)";
				SKIP_INSTALL = YES;
				TARGETED_DEVICE_FAMILY = "1,2";
			};
			name = Release;
		};
		EA5EFE4119356C2800EE8725 /* Debug */ = {
			isa = XCBuildConfiguration;
			buildSettings = {
				BUNDLE_LOADER = "$(BUILT_PRODUCTS_DIR)/FBUtilityApp.app/FBUtilityApp";
				FRAMEWORK_SEARCH_PATHS = (
					"$(SDKROOT)/Developer/Library/Frameworks",
					"$(inherited)",
					"$(DEVELOPER_FRAMEWORKS_DIR)",
					"$(HOME)/Documents/FacebookSDK",
				);
				GCC_PRECOMPILE_PREFIX_HEADER = YES;
				GCC_PREFIX_HEADER = "FBUtility/FBUtility-Prefix.pch";
				GCC_PREPROCESSOR_DEFINITIONS = (
					"DEBUG=1",
					"$(inherited)",
				);
				INFOPLIST_FILE = "FBUtilityTests/FBUtilityTests-Info.plist";
				PRODUCT_BUNDLE_IDENTIFIER = "com.catloafsoft.${PRODUCT_NAME:rfc1034identifier}";
				PRODUCT_NAME = "$(TARGET_NAME)";
				TEST_HOST = "$(BUNDLE_LOADER)";
				WRAPPER_EXTENSION = xctest;
			};
			name = Debug;
		};
		EA5EFE4219356C2800EE8725 /* Release */ = {
			isa = XCBuildConfiguration;
			buildSettings = {
				BUNDLE_LOADER = "$(BUILT_PRODUCTS_DIR)/FBUtilityApp.app/FBUtilityApp";
				FRAMEWORK_SEARCH_PATHS = (
					"$(SDKROOT)/Developer/Library/Frameworks",
					"$(inherited)",
					"$(DEVELOPER_FRAMEWORKS_DIR)",
					"$(HOME)/Documents/FacebookSDK",
				);
				GCC_PRECOMPILE_PREFIX_HEADER = YES;
				GCC_PREFIX_HEADER = "FBUtility/FBUtility-Prefix.pch";
				INFOPLIST_FILE = "FBUtilityTests/FBUtilityTests-Info.plist";
				PRODUCT_BUNDLE_IDENTIFIER = "com.catloafsoft.${PRODUCT_NAME:rfc1034identifier}";
				PRODUCT_NAME = "$(TARGET_NAME)";
				TEST_HOST = "$(BUNDLE_LOADER)";
				WRAPPER_EXTENSION = xctest;
			};
			name = Release;
		};
		EACF56F119C0F98D00DC774C /* Debug */ = {
			isa = XCBuildConfiguration;
			buildSettings = {
				CLANG_WARN_UNREACHABLE_CODE = YES;
				CODE_SIGN_IDENTITY = "iPhone Developer";
				"CODE_SIGN_IDENTITY[sdk=iphoneos*]" = "iPhone Developer";
				CURRENT_PROJECT_VERSION = 1;
				DEFINES_MODULE = YES;
				DYLIB_COMPATIBILITY_VERSION = 1;
				DYLIB_CURRENT_VERSION = 1;
				DYLIB_INSTALL_NAME_BASE = "@rpath";
				ENABLE_STRICT_OBJC_MSGSEND = YES;
				FRAMEWORK_SEARCH_PATHS = (
					"$(inherited)",
					"$(HOME)/Documents/FacebookSDK",
				);
				GCC_PRECOMPILE_PREFIX_HEADER = YES;
				GCC_PREFIX_HEADER = "FBUtility/FBUtility-Prefix.pch";
				GCC_PREPROCESSOR_DEFINITIONS = (
					"DEBUG=1",
					"$(inherited)",
				);
				INFOPLIST_FILE = FBUtility/Info.plist;
				INSTALL_PATH = "$(HOME)/Library/Frameworks";
				IPHONEOS_DEPLOYMENT_TARGET = 7.0;
				LD_RUNPATH_SEARCH_PATHS = "$(inherited) @executable_path/Frameworks @loader_path/Frameworks";
				MTL_ENABLE_DEBUG_INFO = YES;
				PRODUCT_BUNDLE_IDENTIFIER = "com.catloafsoft.$(PRODUCT_NAME:rfc1034identifier)";
				PRODUCT_NAME = "$(TARGET_NAME)";
				SKIP_INSTALL = NO;
				VERSIONING_SYSTEM = "apple-generic";
				VERSION_INFO_PREFIX = "";
			};
			name = Debug;
		};
		EACF56F219C0F98D00DC774C /* Release */ = {
			isa = XCBuildConfiguration;
			buildSettings = {
				CLANG_WARN_UNREACHABLE_CODE = YES;
				CODE_SIGN_IDENTITY = "iPhone Developer";
				"CODE_SIGN_IDENTITY[sdk=iphoneos*]" = "iPhone Developer";
				CURRENT_PROJECT_VERSION = 1;
				DEFINES_MODULE = YES;
				DYLIB_COMPATIBILITY_VERSION = 1;
				DYLIB_CURRENT_VERSION = 1;
				DYLIB_INSTALL_NAME_BASE = "@rpath";
				ENABLE_STRICT_OBJC_MSGSEND = YES;
				FRAMEWORK_SEARCH_PATHS = (
					"$(inherited)",
					"$(HOME)/Documents/FacebookSDK",
				);
				GCC_PRECOMPILE_PREFIX_HEADER = YES;
				GCC_PREFIX_HEADER = "FBUtility/FBUtility-Prefix.pch";
				INFOPLIST_FILE = FBUtility/Info.plist;
				INSTALL_PATH = "$(HOME)/Library/Frameworks";
				IPHONEOS_DEPLOYMENT_TARGET = 7.0;
				LD_RUNPATH_SEARCH_PATHS = "$(inherited) @executable_path/Frameworks @loader_path/Frameworks";
				MTL_ENABLE_DEBUG_INFO = NO;
				PRODUCT_BUNDLE_IDENTIFIER = "com.catloafsoft.$(PRODUCT_NAME:rfc1034identifier)";
				PRODUCT_NAME = "$(TARGET_NAME)";
				SKIP_INSTALL = NO;
				VERSIONING_SYSTEM = "apple-generic";
				VERSION_INFO_PREFIX = "";
			};
			name = Release;
		};
		EACF56F519C0F98D00DC774C /* Debug */ = {
			isa = XCBuildConfiguration;
			buildSettings = {
				CLANG_WARN_UNREACHABLE_CODE = YES;
				ENABLE_STRICT_OBJC_MSGSEND = YES;
				FRAMEWORK_SEARCH_PATHS = (
					"$(SDKROOT)/Developer/Library/Frameworks",
					"$(inherited)",
				);
				GCC_PREPROCESSOR_DEFINITIONS = (
					"DEBUG=1",
					"$(inherited)",
				);
				INFOPLIST_FILE = FBUtilityTests/Info.plist;
				IPHONEOS_DEPLOYMENT_TARGET = 7.0;
				LD_RUNPATH_SEARCH_PATHS = "$(inherited) @executable_path/Frameworks @loader_path/Frameworks";
				MTL_ENABLE_DEBUG_INFO = YES;
				PRODUCT_BUNDLE_IDENTIFIER = "com.catloafsoft.$(PRODUCT_NAME:rfc1034identifier)";
				PRODUCT_NAME = "$(TARGET_NAME)";
				TEST_HOST = "$(BUILT_PRODUCTS_DIR)/FBUtilityApp.app/FBUtilityApp";
			};
			name = Debug;
		};
		EACF56F619C0F98D00DC774C /* Release */ = {
			isa = XCBuildConfiguration;
			buildSettings = {
				CLANG_WARN_UNREACHABLE_CODE = YES;
				ENABLE_STRICT_OBJC_MSGSEND = YES;
				FRAMEWORK_SEARCH_PATHS = (
					"$(SDKROOT)/Developer/Library/Frameworks",
					"$(inherited)",
				);
				INFOPLIST_FILE = FBUtilityTests/Info.plist;
				IPHONEOS_DEPLOYMENT_TARGET = 7.0;
				LD_RUNPATH_SEARCH_PATHS = "$(inherited) @executable_path/Frameworks @loader_path/Frameworks";
				MTL_ENABLE_DEBUG_INFO = NO;
				PRODUCT_BUNDLE_IDENTIFIER = "com.catloafsoft.$(PRODUCT_NAME:rfc1034identifier)";
				PRODUCT_NAME = "$(TARGET_NAME)";
				TEST_HOST = "$(BUILT_PRODUCTS_DIR)/FBUtilityApp.app/FBUtilityApp";
			};
			name = Release;
		};
/* End XCBuildConfiguration section */

/* Begin XCConfigurationList section */
		EA17C5151939562B003D2C6A /* Build configuration list for PBXNativeTarget "FBUtilityApp" */ = {
			isa = XCConfigurationList;
			buildConfigurations = (
				EA17C5111939562B003D2C6A /* Debug */,
				EA17C5121939562B003D2C6A /* Release */,
			);
			defaultConfigurationIsVisible = 0;
			defaultConfigurationName = Release;
		};
		EA17C5161939562B003D2C6A /* Build configuration list for PBXNativeTarget "FBUtilityAppTests" */ = {
			isa = XCConfigurationList;
			buildConfigurations = (
				EA17C5131939562B003D2C6A /* Debug */,
				EA17C5141939562B003D2C6A /* Release */,
			);
			defaultConfigurationIsVisible = 0;
			defaultConfigurationName = Release;
		};
		EA5EFE1519356C2800EE8725 /* Build configuration list for PBXProject "FBUtility" */ = {
			isa = XCConfigurationList;
			buildConfigurations = (
				EA5EFE3B19356C2800EE8725 /* Debug */,
				EA5EFE3C19356C2800EE8725 /* Release */,
			);
			defaultConfigurationIsVisible = 0;
			defaultConfigurationName = Release;
		};
		EA5EFE3D19356C2800EE8725 /* Build configuration list for PBXNativeTarget "FBUtilityLib" */ = {
			isa = XCConfigurationList;
			buildConfigurations = (
				EA5EFE3E19356C2800EE8725 /* Debug */,
				EA5EFE3F19356C2800EE8725 /* Release */,
			);
			defaultConfigurationIsVisible = 0;
			defaultConfigurationName = Release;
		};
		EA5EFE4019356C2800EE8725 /* Build configuration list for PBXNativeTarget "FBUtilityTests" */ = {
			isa = XCConfigurationList;
			buildConfigurations = (
				EA5EFE4119356C2800EE8725 /* Debug */,
				EA5EFE4219356C2800EE8725 /* Release */,
			);
			defaultConfigurationIsVisible = 0;
			defaultConfigurationName = Release;
		};
		EACF56F019C0F98D00DC774C /* Build configuration list for PBXNativeTarget "FBUtility" */ = {
			isa = XCConfigurationList;
			buildConfigurations = (
				EACF56F119C0F98D00DC774C /* Debug */,
				EACF56F219C0F98D00DC774C /* Release */,
			);
			defaultConfigurationIsVisible = 0;
			defaultConfigurationName = Release;
		};
		EACF56F419C0F98D00DC774C /* Build configuration list for PBXNativeTarget "FBUtilityTests" */ = {
			isa = XCConfigurationList;
			buildConfigurations = (
				EACF56F519C0F98D00DC774C /* Debug */,
				EACF56F619C0F98D00DC774C /* Release */,
			);
			defaultConfigurationIsVisible = 0;
			defaultConfigurationName = Release;
		};
/* End XCConfigurationList section */
	};
	rootObject = EA5EFE1219356C2800EE8725 /* Project object */;
}
